{
  "name": "workflow",
  "version": "1.0.0",
  "dependencies": {
    "async": {
      "version": "0.1.22",
      "from": "async@0.1.22",
      "resolved": "https://registry.npmjs.org/async/-/async-0.1.22.tgz"
    },
    "bunyan": {
      "version": "0.23.1",
      "from": "bunyan@0.23.1",
      "resolved": "https://registry.npmjs.org/bunyan/-/bunyan-0.23.1.tgz",
      "dependencies": {
        "mv": {
          "version": "2.0.3",
          "from": "mv@~2",
          "dependencies": {
            "mkdirp": {
              "version": "0.5.0",
              "from": "mkdirp@~0.5.0",
              "dependencies": {
                "minimist": {
                  "version": "0.0.8",
                  "from": "minimist@0.0.8"
                }
              }
            },
            "ncp": {
              "version": "0.6.0",
              "from": "ncp@~0.6.0"
            },
            "rimraf": {
              "version": "2.2.8",
              "from": "rimraf@~2.2.8"
            }
          }
        },
        "dtrace-provider": {
          "version": "0.2.8",
          "from": "dtrace-provider@0.2.8"
        }
      }
    },
    "docker-registry-client": {
      "version": "0.3.0",
      "from": "docker-registry-client@git+ssh://git@github.com:joyent/node-docker-registry-client.git#d64002e",
      "resolved": "git+ssh://git@github.com:joyent/node-docker-registry-client.git#d64002ebea5e823a07f37a422248a98c85a32ecf",
      "dependencies": {
        "assert-plus": {
          "version": "0.1.5",
          "from": "assert-plus@0.1.5"
        },
        "bunyan": {
          "version": "1.2.3",
          "from": "bunyan@1.2.3",
          "dependencies": {
            "dtrace-provider": {
              "version": "0.3.2",
              "from": "dtrace-provider@~0.3 >0.3.0",
              "dependencies": {
                "nan": {
                  "version": "1.3.0",
                  "from": "nan@~1.3.0"
                }
              }
            },
            "mv": {
              "version": "2.0.3",
              "from": "mv@~2",
              "dependencies": {
                "mkdirp": {
                  "version": "0.5.0",
                  "from": "mkdirp@~0.5.0",
                  "dependencies": {
                    "minimist": {
                      "version": "0.0.8",
                      "from": "minimist@0.0.8"
                    }
                  }
                },
                "ncp": {
                  "version": "0.6.0",
                  "from": "ncp@~0.6.0"
                },
                "rimraf": {
                  "version": "2.2.8",
                  "from": "rimraf@~2.2.8"
                }
              }
            }
          }
        },
        "restify": {
          "version": "2.8.3",
          "from": "restify@2.8.3",
          "dependencies": {
            "backoff": {
              "version": "2.4.1",
              "from": "backoff@^2.3.0",
              "dependencies": {
                "precond": {
                  "version": "0.2.3",
                  "from": "precond@0.2"
                }
              }
            },
            "bunyan": {
              "version": "0.23.1",
              "from": "bunyan@^0.23.1",
              "resolved": "https://registry.npmjs.org/bunyan/-/bunyan-0.23.1.tgz",
              "dependencies": {
                "mv": {
                  "version": "2.0.3",
                  "from": "mv@~2",
                  "dependencies": {
                    "mkdirp": {
                      "version": "0.5.0",
                      "from": "mkdirp@~0.5.0",
                      "dependencies": {
                        "minimist": {
                          "version": "0.0.8",
                          "from": "minimist@0.0.8"
                        }
                      }
                    },
                    "ncp": {
                      "version": "0.6.0",
                      "from": "ncp@~0.6.0"
                    },
                    "rimraf": {
                      "version": "2.2.8",
                      "from": "rimraf@~2.2.8"
                    }
                  }
                }
              }
            },
            "csv": {
              "version": "0.4.1",
              "from": "csv@^0.4.0",
              "dependencies": {
                "csv-generate": {
                  "version": "0.0.4",
                  "from": "csv-generate@*"
                },
                "csv-parse": {
                  "version": "0.0.6",
                  "from": "csv-parse@*"
                },
                "stream-transform": {
                  "version": "0.0.6",
                  "from": "stream-transform@*"
                },
                "csv-stringify": {
                  "version": "0.0.6",
                  "from": "csv-stringify@*"
                }
              }
            },
            "deep-equal": {
              "version": "0.2.2",
              "from": "deep-equal@^0.2.1"
            },
            "escape-regexp-component": {
              "version": "1.0.2",
              "from": "escape-regexp-component@^1.0.2"
            },
            "formidable": {
              "version": "1.0.17",
              "from": "formidable@^1.0.14"
            },
            "http-signature": {
              "version": "0.10.1",
              "from": "http-signature@^0.10.0",
              "dependencies": {
                "asn1": {
                  "version": "0.1.11",
                  "from": "asn1@0.1.11"
                },
                "ctype": {
                  "version": "0.5.3",
                  "from": "ctype@0.5.3"
                }
              }
            },
            "keep-alive-agent": {
              "version": "0.0.1",
              "from": "keep-alive-agent@^0.0.1"
            },
            "lru-cache": {
              "version": "2.5.0",
              "from": "lru-cache@^2.5.0"
            },
            "mime": {
              "version": "1.3.4",
              "from": "mime@^1.2.11"
            },
            "negotiator": {
              "version": "0.4.9",
              "from": "negotiator@^0.4.5"
            },
            "node-uuid": {
              "version": "1.4.2",
              "from": "node-uuid@^1.4.1"
            },
            "once": {
              "version": "1.3.1",
              "from": "once@^1.3.0",
              "dependencies": {
                "wrappy": {
                  "version": "1.0.1",
                  "from": "wrappy@1"
                }
              }
            },
            "qs": {
              "version": "1.2.2",
              "from": "qs@^1.0.0"
            },
            "semver": {
              "version": "2.3.2",
              "from": "semver@^2.3.0"
            },
            "spdy": {
              "version": "1.30.1",
              "from": "spdy@^1.26.5"
            },
            "tunnel-agent": {
              "version": "0.4.0",
              "from": "tunnel-agent@^0.4.0"
            },
            "dtrace-provider": {
              "version": "0.2.8",
              "from": "dtrace-provider@^0.2.8"
            }
          }
        },
        "verror": {
          "version": "1.4.0",
          "from": "verror@1.4.0",
          "dependencies": {
            "extsprintf": {
              "version": "1.0.3",
              "from": "extsprintf@1.0.3"
            }
          }
        }
      }
    },
    "imgmanifest": {
      "version": "1.3.0",
      "from": "imgmanifest@git+ssh://git@github.com:joyent/node-imgmanifest.git#6fa438d",
      "resolved": "git+ssh://git@github.com:joyent/node-imgmanifest.git#6fa438d833de0ad3bef65ff0293b9a7d7cc78b0a",
      "dependencies": {
        "assert-plus": {
          "version": "0.1.2",
          "from": "assert-plus@0.1.2"
        }
      }
    },
    "lstream": {
      "version": "0.0.4",
      "from": "lstream@0.0.4",
      "dependencies": {
        "readable-stream": {
          "version": "1.0.33",
          "from": "readable-stream@>= 1.0.2",
          "dependencies": {
            "core-util-is": {
              "version": "1.0.1",
              "from": "core-util-is@~1.0.0"
            },
            "isarray": {
              "version": "0.0.1",
              "from": "isarray@0.0.1"
            },
            "string_decoder": {
              "version": "0.10.31",
              "from": "string_decoder@~0.10.x"
            },
            "inherits": {
              "version": "2.0.1",
              "from": "inherits@~2.0.1"
            }
          }
        }
      }
    },
    "node-uuid": {
      "version": "1.4.0",
      "from": "node-uuid@1.4.0",
      "resolved": "https://registry.npmjs.org/node-uuid/-/node-uuid-1.4.0.tgz"
    },
    "restify": {
      "version": "2.6.1",
      "from": "restify@2.6.1",
      "dependencies": {
        "assert-plus": {
          "version": "0.1.4",
          "from": "assert-plus@0.1.4"
        },
        "backoff": {
          "version": "2.3.0",
          "from": "backoff@2.3.0",
          "resolved": "https://registry.npmjs.org/backoff/-/backoff-2.3.0.tgz"
        },
        "bunyan": {
          "version": "0.22.0",
          "from": "bunyan@0.22.0",
          "dependencies": {
            "mv": {
              "version": "0.0.5",
              "from": "mv@0.0.5"
            }
          }
        },
        "csv": {
          "version": "0.3.6",
          "from": "csv@0.3.6"
        },
        "deep-equal": {
          "version": "0.0.0",
          "from": "deep-equal@~0.0.0"
        },
        "escape-regexp-component": {
          "version": "1.0.2",
          "from": "escape-regexp-component@1.0.2"
        },
        "formidable": {
          "version": "1.0.14",
          "from": "formidable@1.0.14"
        },
        "http-signature": {
          "version": "0.10.0",
          "from": "http-signature@0.10.0",
          "dependencies": {
            "assert-plus": {
              "version": "0.1.2",
              "from": "assert-plus@0.1.2"
            },
            "asn1": {
              "version": "0.1.11",
              "from": "asn1@0.1.11"
            },
            "ctype": {
              "version": "0.5.2",
              "from": "ctype@0.5.2"
            }
          }
        },
        "keep-alive-agent": {
          "version": "0.0.1",
          "from": "keep-alive-agent@0.0.1"
        },
        "lru-cache": {
          "version": "2.3.1",
          "from": "lru-cache@2.3.1"
        },
        "mime": {
          "version": "1.2.11",
          "from": "mime@1.2.11"
        },
        "negotiator": {
          "version": "0.3.0",
          "from": "negotiator@0.3.0"
        },
        "once": {
          "version": "1.3.0",
          "from": "once@1.3.0"
        },
        "qs": {
          "version": "0.6.5",
          "from": "qs@0.6.5"
        },
        "semver": {
          "version": "2.2.1",
          "from": "semver@2.2.1",
          "resolved": "https://registry.npmjs.org/semver/-/semver-2.2.1.tgz"
        },
        "spdy": {
          "version": "1.14.12",
          "from": "spdy@1.14.12"
        },
        "tunnel-agent": {
          "version": "0.3.0",
          "from": "tunnel-agent@0.3.0"
        },
        "verror": {
          "version": "1.3.6",
          "from": "verror@1.3.6",
          "dependencies": {
            "extsprintf": {
              "version": "1.0.2",
              "from": "extsprintf@1.0.2"
            }
          }
        },
        "dtrace-provider": {
          "version": "0.2.8",
          "from": "dtrace-provider@0.2.8"
        }
      }
    },
    "sdc-clients": {
      "version": "8.1.3",
      "from": "sdc-clients@git+ssh://git@github.com:joyent/node-sdc-clients.git#5502654",
      "resolved": "git+ssh://git@github.com:joyent/node-sdc-clients.git#550265426b8b75c6c0205b83eae0177ea5edfa7f",
      "dependencies": {
        "assert-plus": {
          "version": "0.1.5",
          "from": "assert-plus@0.1.5"
        },
        "async": {
          "version": "0.9.0",
          "from": "async@~0.9.0"
        },
        "backoff": {
          "version": "2.4.1",
          "from": "backoff@^2.3.0",
          "dependencies": {
            "precond": {
              "version": "0.2.3",
              "from": "precond@0.2"
            }
          }
        },
        "bunyan": {
          "version": "1.3.3",
          "from": "bunyan@^1.2.3",
          "dependencies": {
            "dtrace-provider": {
              "version": "0.4.0",
              "from": "dtrace-provider@~0.4",
              "dependencies": {
                "nan": {
                  "version": "1.5.3",
                  "from": "nan@~1.5.1"
                }
              }
            },
            "mv": {
              "version": "2.0.3",
              "from": "mv@~2",
              "dependencies": {
                "mkdirp": {
                  "version": "0.5.0",
                  "from": "mkdirp@~0.5.0",
                  "dependencies": {
                    "minimist": {
                      "version": "0.0.8",
                      "from": "minimist@0.0.8"
                    }
                  }
                },
                "ncp": {
                  "version": "0.6.0",
                  "from": "ncp@~0.6.0"
                },
                "rimraf": {
                  "version": "2.2.8",
                  "from": "rimraf@~2.2.8"
                }
              }
            },
            "safe-json-stringify": {
              "version": "1.0.1",
              "from": "safe-json-stringify@~1"
            }
          }
        },
        "clone": {
          "version": "0.1.8",
          "from": "clone@0.1.8"
        },
        "ufds": {
          "version": "0.2.0",
          "from": "ufds@git://github.com/joyent/node-ufds.git#dab2079",
          "resolved": "git://github.com/joyent/node-ufds.git#dab2079923df9cbd4fc7bad75f26f51eab8b1906",
          "dependencies": {
            "clone": {
              "version": "0.2.0",
              "from": "clone@~0.2.0"
            },
            "http-signature": {
              "version": "0.10.1",
              "from": "http-signature@^0.10.0",
              "dependencies": {
                "asn1": {
                  "version": "0.1.11",
                  "from": "asn1@0.1.11"
                },
                "ctype": {
                  "version": "0.5.3",
                  "from": "ctype@0.5.3"
                }
              }
            },
            "ldapjs": {
              "version": "0.7.1",
              "from": "ldapjs@git://github.com/mcavage/node-ldapjs.git#aed6d2b043715e1a37c45a6293935c25c023ebce",
              "resolved": "git://github.com/mcavage/node-ldapjs.git#aed6d2b043715e1a37c45a6293935c25c023ebce",
              "dependencies": {
                "asn1": {
                  "version": "0.2.1",
                  "from": "asn1@0.2.1"
                },
                "bunyan": {
                  "version": "0.22.1",
                  "from": "bunyan@0.22.1",
                  "dependencies": {
                    "mv": {
                      "version": "0.0.5",
                      "from": "mv@0.0.5"
                    }
                  }
                },
                "dashdash": {
                  "version": "1.6.0",
                  "from": "dashdash@1.6.0"
                },
                "backoff": {
                  "version": "2.4.0",
                  "from": "backoff@2.4.0",
                  "dependencies": {
                    "precond": {
                      "version": "0.2.3",
                      "from": "precond@0.2"
                    }
                  }
                },
                "once": {
                  "version": "1.3.0",
                  "from": "once@1.3.0"
                },
                "vasync": {
                  "version": "1.5.0",
                  "from": "vasync@1.5.0",
                  "dependencies": {
                    "jsprim": {
                      "version": "0.3.0",
                      "from": "jsprim@0.3.0",
                      "dependencies": {
                        "extsprintf": {
                          "version": "1.0.0",
                          "from": "extsprintf@1.0.0"
                        },
                        "json-schema": {
                          "version": "0.2.2",
                          "from": "json-schema@0.2.2"
                        },
                        "verror": {
                          "version": "1.3.3",
                          "from": "verror@1.3.3"
                        }
                      }
                    },
                    "verror": {
                      "version": "1.1.0",
                      "from": "verror@1.1.0",
                      "dependencies": {
                        "extsprintf": {
                          "version": "1.0.0",
                          "from": "extsprintf@1.0.0"
                        }
                      }
                    }
                  }
                },
                "dtrace-provider": {
                  "version": "0.2.8",
                  "from": "dtrace-provider@0.2.8"
                }
              }
            },
            "lru-cache": {
              "version": "2.5.0",
              "from": "lru-cache@^2.5.0"
            },
            "libuuid": {
              "version": "0.1.3",
              "from": "libuuid@^0.1.3"
            }
          }
        },
        "lru-cache": {
          "version": "2.3.0",
          "from": "lru-cache@2.3.0"
        },
        "libuuid": {
          "version": "0.1.2",
          "from": "libuuid@0.1.2"
        },
        "once": {
          "version": "1.3.1",
          "from": "once@^1.3.1",
          "dependencies": {
            "wrappy": {
              "version": "1.0.1",
              "from": "wrappy@1"
            }
          }
        },
        "restify": {
          "version": "2.8.5",
          "from": "restify@^2.8.4",
          "dependencies": {
            "csv": {
              "version": "0.4.1",
              "from": "csv@^0.4.0",
              "dependencies": {
                "csv-generate": {
                  "version": "0.0.4",
                  "from": "csv-generate@*"
                },
                "csv-parse": {
                  "version": "0.0.6",
                  "from": "csv-parse@*"
                },
                "stream-transform": {
                  "version": "0.0.6",
                  "from": "stream-transform@*"
                },
                "csv-stringify": {
                  "version": "0.0.6",
                  "from": "csv-stringify@*"
                }
              }
            },
            "deep-equal": {
              "version": "0.2.2",
              "from": "deep-equal@^0.2.1"
            },
            "escape-regexp-component": {
              "version": "1.0.2",
              "from": "escape-regexp-component@^1.0.2"
            },
            "formidable": {
              "version": "1.0.17",
              "from": "formidable@^1.0.14"
            },
            "http-signature": {
              "version": "0.10.1",
              "from": "http-signature@^0.10.0",
              "dependencies": {
                "asn1": {
                  "version": "0.1.11",
                  "from": "asn1@0.1.11"
                },
                "ctype": {
                  "version": "0.5.3",
                  "from": "ctype@0.5.3"
                }
              }
            },
            "keep-alive-agent": {
              "version": "0.0.1",
              "from": "keep-alive-agent@^0.0.1"
            },
            "lru-cache": {
              "version": "2.5.0",
              "from": "lru-cache@^2.5.0"
            },
            "mime": {
              "version": "1.3.4",
              "from": "mime@^1.2.11"
            },
            "negotiator": {
              "version": "0.4.9",
              "from": "negotiator@^0.4.5"
            },
            "node-uuid": {
              "version": "1.4.2",
              "from": "node-uuid@^1.4.1"
            },
            "qs": {
              "version": "1.2.2",
              "from": "qs@^1.0.0"
            },
            "semver": {
              "version": "2.3.2",
              "from": "semver@^2.3.0"
            },
            "spdy": {
              "version": "1.30.1",
              "from": "spdy@^1.26.5"
            },
            "tunnel-agent": {
              "version": "0.4.0",
              "from": "tunnel-agent@^0.4.0"
            },
            "dtrace-provider": {
              "version": "0.3.2",
              "from": "dtrace-provider@^0.3.1",
              "dependencies": {
                "nan": {
                  "version": "1.3.0",
                  "from": "nan@~1.3.0"
                }
              }
            }
          }
        },
        "ssh-agent": {
          "version": "0.2.1",
          "from": "ssh-agent@0.2.1",
          "dependencies": {
            "ctype": {
              "version": "0.5.0",
              "from": "ctype@0.5.0"
            },
            "posix-getopt": {
              "version": "1.0.0",
              "from": "posix-getopt@1.0.0"
            }
          }
        },
        "vasync": {
          "version": "1.6.2",
          "from": "vasync@^1.6.2",
          "dependencies": {
            "verror": {
              "version": "1.1.0",
              "from": "verror@1.1.0",
              "dependencies": {
                "extsprintf": {
                  "version": "1.0.0",
                  "from": "extsprintf@1.0.0"
                }
              }
            }
          }
        },
        "verror": {
          "version": "1.6.0",
          "from": "verror@^1.6.0",
          "dependencies": {
            "extsprintf": {
              "version": "1.2.0",
              "from": "extsprintf@1.2.0"
            }
          }
        }
      }
    },
    "vasync": {
      "version": "1.6.1",
      "from": "vasync@1.6.1",
      "dependencies": {
        "jsprim": {
          "version": "0.6.1",
          "from": "jsprim@0.6.1",
          "dependencies": {
            "extsprintf": {
              "version": "1.0.2",
              "from": "extsprintf@1.0.2"
            },
            "json-schema": {
              "version": "0.2.2",
              "from": "json-schema@0.2.2"
            },
            "verror": {
              "version": "1.3.6",
              "from": "verror@1.3.6"
            }
          }
        },
        "verror": {
          "version": "1.1.0",
          "from": "verror@1.1.0",
          "dependencies": {
            "extsprintf": {
              "version": "1.0.0",
              "from": "extsprintf@1.0.0"
            }
          }
        }
      }
    },
    "verror": {
      "version": "1.3.5",
      "from": "verror@1.3.5",
      "resolved": "https://registry.npmjs.org/verror/-/verror-1.3.5.tgz",
      "dependencies": {
        "extsprintf": {
          "version": "1.0.0",
          "from": "extsprintf@1.0.0"
        }
      }
    },
    "wf": {
      "version": "0.10.0",
      "from": "wf@git://github.com/kusor/node-workflow.git#04e2686",
      "resolved": "git://github.com/kusor/node-workflow.git#04e2686266a378632afc2df26ea1d2bf5c443a9d",
      "dependencies": {
        "backoff": {
          "version": "1.2.0",
          "from": "backoff@1.2.0"
        },
        "clone": {
          "version": "0.1.6",
          "from": "clone@0.1.6"
        },
        "sigyan": {
          "version": "0.2.0",
          "from": "sigyan@0.2.0"
        },
        "dtrace-provider": {
          "version": "0.2.8",
          "from": "dtrace-provider@0.2.8"
        }
      }
    },
    "wf-moray-backend": {
      "version": "0.10.0",
      "from": "wf-moray-backend@git+ssh://git@github.com:joyent/node-workflow-moray-backend.git#beac54",
      "resolved": "git+ssh://git@github.com:joyent/node-workflow-moray-backend.git#beac54b67cfbb0d1209b662b9cef0406b2b48f2b",
      "dependencies": {
        "moray": {
          "version": "1.0.0",
          "from": "moray@git+ssh://git@github.com:joyent/node-moray.git#cb9d9b",
          "resolved": "git+ssh://git@github.com:joyent/node-moray.git#cb9d9bfd7d399965f0a7a13b4f4bfac77a6a0c22",
          "dependencies": {
            "assert-plus": {
              "version": "0.1.5",
              "from": "assert-plus@0.1.5"
            },
            "backoff": {
              "version": "2.4.0",
              "from": "backoff@2.4.0",
              "dependencies": {
                "precond": {
                  "version": "0.2.3",
                  "from": "precond@0.2"
                }
              }
            },
            "bunyan": {
              "version": "0.22.1",
              "from": "bunyan@0.22.1",
              "dependencies": {
                "mv": {
                  "version": "0.0.5",
                  "from": "mv@0.0.5"
                },
                "dtrace-provider": {
                  "version": "0.2.8",
                  "from": "dtrace-provider@0.2.8"
                }
              }
            },
            "fast": {
              "version": "0.3.10",
              "from": "fast@git+ssh://git@github.com/mcavage/node-fast.git#806645590ce3ef01ff698ffc5ee4f420cbadfae4",
              "resolved": "git+ssh://git@github.com/mcavage/node-fast.git#806645590ce3ef01ff698ffc5ee4f420cbadfae4",
              "dependencies": {
                "crc": {
                  "version": "0.2.1",
                  "from": "crc@0.2.1"
                },
                "dtrace-provider": {
                  "version": "0.2.8",
                  "from": "dtrace-provider@0.2.8"
                },
                "microtime": {
                  "version": "0.5.1",
                  "from": "microtime@0.5.1",
                  "dependencies": {
                    "bindings": {
                      "version": "1.1.1",
                      "from": "bindings@1.1.1"
                    },
                    "nan": {
                      "version": "0.6.0",
                      "from": "nan@0.6.0"
                    }
                  }
                },
                "readable-stream": {
                  "version": "1.1.10",
                  "from": "readable-stream@1.1.10",
                  "dependencies": {
                    "core-util-is": {
                      "version": "1.0.1",
                      "from": "core-util-is@~1.0.0"
                    },
                    "string_decoder": {
                      "version": "0.10.31",
                      "from": "string_decoder@~0.10.x"
                    },
                    "debuglog": {
                      "version": "0.0.2",
                      "from": "debuglog@0.0.2"
                    }
                  }
                },
                "verror": {
                  "version": "1.3.6",
                  "from": "verror@1.3.6",
                  "dependencies": {
                    "extsprintf": {
                      "version": "1.0.2",
                      "from": "extsprintf@1.0.2"
                    }
                  }
                }
              }
            },
            "native-dns": {
              "version": "0.4.1",
              "from": "native-dns@0.4.1",
              "dependencies": {
                "buffercursor": {
                  "version": "0.0.12",
                  "from": "buffercursor@>= 0.0.5",
                  "dependencies": {
                    "verror": {
                      "version": "1.6.0",
                      "from": "verror@^1.4.0",
                      "dependencies": {
                        "extsprintf": {
                          "version": "1.2.0",
                          "from": "extsprintf@1.2.0"
                        }
                      }
                    }
                  }
                },
                "binaryheap": {
                  "version": "0.0.3",
                  "from": "binaryheap@>= 0.0.2"
                },
                "ipaddr.js": {
                  "version": "0.1.8",
                  "from": "ipaddr.js@>= 0.1.1"
                }
              }
            },
            "libuuid": {
              "version": "0.1.2",
              "from": "libuuid@0.1.2"
            },
            "once": {
              "version": "1.3.0",
              "from": "once@1.3.0"
            },
            "posix-getopt": {
              "version": "1.0.0",
              "from": "posix-getopt@1.0.0"
            },
            "progbar": {
              "version": "0.1.0",
              "from": "progbar@0.1.0",
              "dependencies": {
                "sprintf": {
                  "version": "0.1.5",
                  "from": "sprintf@~0.1.3"
                }
              }
            },
            "clone": {
              "version": "0.1.18",
              "from": "clone@0.1.18"
            }
          }
        },
        "wf": {
          "version": "0.10.0",
          "from": "wf@git://github.com/kusor/node-workflow.git#04e2686",
          "resolved": "git://github.com/kusor/node-workflow.git#04e2686266a378632afc2df26ea1d2bf5c443a9d",
          "dependencies": {
            "backoff": {
              "version": "1.2.0",
              "from": "backoff@1.2.0"
            },
            "clone": {
              "version": "0.1.6",
              "from": "clone@0.1.6"
            },
            "sigyan": {
              "version": "0.2.0",
              "from": "sigyan@0.2.0"
            },
            "dtrace-provider": {
              "version": "0.2.8",
              "from": "dtrace-provider@0.2.8"
            }
          }
        }
      }
    }
  }
}
