{
  "name": "workflow",
  "version": "1.0.0",
  "dependencies": {
    "async": {
      "version": "0.1.22",
      "from": "async@0.1.22",
      "resolved": "https://registry.npmjs.org/async/-/async-0.1.22.tgz"
    },
    "bunyan": {
      "version": "0.20.0",
      "from": "bunyan@0.20.0",
      "resolved": "https://registry.npmjs.org/bunyan/-/bunyan-0.20.0.tgz",
      "dependencies": {
        "mv": {
          "version": "0.0.5",
          "from": "mv@0.0.5"
        },
        "dtrace-provider": {
          "version": "0.2.8",
          "from": "dtrace-provider@0.2.8"
        }
      }
    },
    "node-uuid": {
      "version": "1.4.0",
      "from": "node-uuid@1.4.0",
      "resolved": "https://registry.npmjs.org/node-uuid/-/node-uuid-1.4.0.tgz"
    },
    "restify": {
      "version": "2.5.1",
      "from": "restify@2.5.1",
      "resolved": "https://registry.npmjs.org/restify/-/restify-2.5.1.tgz",
      "dependencies": {
        "assert-plus": {
          "version": "0.1.2",
          "from": "assert-plus@0.1.2",
          "resolved": "https://registry.npmjs.org/assert-plus/-/assert-plus-0.1.2.tgz"
        },
        "backoff": {
          "version": "2.2.0",
          "from": "backoff@2.2.0",
          "resolved": "https://registry.npmjs.org/backoff/-/backoff-2.2.0.tgz"
        },
        "bunyan": {
          "version": "0.21.1",
          "from": "bunyan@0.21.1",
          "resolved": "https://registry.npmjs.org/bunyan/-/bunyan-0.21.1.tgz",
          "dependencies": {
            "mv": {
              "version": "0.0.5",
              "from": "mv@0.0.5"
            }
          }
        },
        "deep-equal": {
          "version": "0.0.0",
          "from": "deep-equal@~0.0.0",
          "resolved": "https://registry.npmjs.org/deep-equal/-/deep-equal-0.0.0.tgz"
        },
        "escape-regexp-component": {
          "version": "1.0.2",
          "from": "escape-regexp-component@1.0.2"
        },
        "formidable": {
          "version": "1.0.14",
          "from": "formidable@1.0.14",
          "resolved": "https://registry.npmjs.org/formidable/-/formidable-1.0.14.tgz"
        },
        "http-signature": {
          "version": "0.10.0",
          "from": "http-signature@0.10.0",
          "resolved": "https://registry.npmjs.org/http-signature/-/http-signature-0.10.0.tgz",
          "dependencies": {
            "asn1": {
              "version": "0.1.11",
              "from": "asn1@0.1.11",
              "resolved": "https://registry.npmjs.org/asn1/-/asn1-0.1.11.tgz"
            },
            "ctype": {
              "version": "0.5.2",
              "from": "ctype@0.5.2",
              "resolved": "https://registry.npmjs.org/ctype/-/ctype-0.5.2.tgz"
            }
          }
        },
        "keep-alive-agent": {
          "version": "0.0.1",
          "from": "keep-alive-agent@0.0.1"
        },
        "lru-cache": {
          "version": "2.3.0",
          "from": "lru-cache@2.3.0"
        },
        "mime": {
          "version": "1.2.9",
          "from": "mime@1.2.9"
        },
        "negotiator": {
          "version": "0.2.5",
          "from": "negotiator@0.2.5"
        },
        "once": {
          "version": "1.1.1",
          "from": "once@1.1.1"
        },
        "qs": {
          "version": "0.6.4",
          "from": "qs@0.6.4"
        },
        "semver": {
          "version": "1.1.4",
          "from": "semver@1.1.4"
        },
        "spdy": {
          "version": "1.8.2",
          "from": "spdy@1.8.2",
          "resolved": "https://registry.npmjs.org/spdy/-/spdy-1.8.2.tgz"
        },
        "verror": {
          "version": "1.3.6",
          "from": "verror@1.3.6",
          "resolved": "https://registry.npmjs.org/verror/-/verror-1.3.6.tgz",
          "dependencies": {
            "extsprintf": {
              "version": "1.0.2",
              "from": "extsprintf@1.0.2",
              "resolved": "https://registry.npmjs.org/extsprintf/-/extsprintf-1.0.2.tgz"
            }
          }
        },
        "dtrace-provider": {
          "version": "0.2.8",
          "from": "dtrace-provider@0.2.8"
        }
      }
    },
    "sdc-clients": {
      "version": "8.1.0",
      "from": "sdc-clients@git+ssh://git@git.joyent.com:node-sdc-clients.git#838364b",
      "resolved": "git+ssh://git@git.joyent.com:node-sdc-clients.git#838364b8312f39edb3b55d4f3c653f4ee91767e9",
      "dependencies": {
        "assert-plus": {
          "version": "0.1.3",
          "from": "assert-plus@0.1.3"
        },
        "backoff": {
          "version": "2.3.0",
          "from": "backoff@2.3.0",
          "resolved": "https://registry.npmjs.org/backoff/-/backoff-2.3.0.tgz"
        },
        "bunyan": {
          "version": "0.22.1",
          "from": "bunyan@0.22.1",
          "resolved": "https://registry.npmjs.org/bunyan/-/bunyan-0.22.1.tgz",
          "dependencies": {
            "mv": {
              "version": "0.0.5",
              "from": "mv@0.0.5"
            },
            "dtrace-provider": {
              "version": "0.2.8",
              "from": "dtrace-provider@0.2.8"
            }
          }
        },
        "clone": {
          "version": "0.1.8",
          "from": "clone@0.1.8"
        },
        "http-signature": {
          "version": "0.9.11",
          "from": "http-signature@0.9.11",
          "dependencies": {
            "assert-plus": {
              "version": "0.1.2",
              "from": "assert-plus@0.1.2",
              "resolved": "https://registry.npmjs.org/assert-plus/-/assert-plus-0.1.2.tgz"
            },
            "asn1": {
              "version": "0.1.11",
              "from": "asn1@0.1.11",
              "resolved": "https://registry.npmjs.org/asn1/-/asn1-0.1.11.tgz"
            },
            "ctype": {
              "version": "0.5.2",
              "from": "ctype@0.5.2",
              "resolved": "https://registry.npmjs.org/ctype/-/ctype-0.5.2.tgz"
            }
          }
        },
        "ldapjs": {
          "version": "0.6.3",
          "from": "ldapjs@0.6.3",
          "dependencies": {
            "asn1": {
              "version": "0.1.11",
              "from": "asn1@0.1.11",
              "resolved": "https://registry.npmjs.org/asn1/-/asn1-0.1.11.tgz"
            },
            "assert-plus": {
              "version": "0.1.2",
              "from": "assert-plus@0.1.2",
              "resolved": "https://registry.npmjs.org/assert-plus/-/assert-plus-0.1.2.tgz"
            },
            "buffertools": {
              "version": "1.1.0",
              "from": "buffertools@1.1.0"
            },
            "bunyan": {
              "version": "0.21.1",
              "from": "bunyan@0.21.1",
              "resolved": "https://registry.npmjs.org/bunyan/-/bunyan-0.21.1.tgz",
              "dependencies": {
                "mv": {
                  "version": "0.0.5",
                  "from": "mv@0.0.5"
                }
              }
            },
            "dtrace-provider": {
              "version": "0.2.8",
              "from": "dtrace-provider@0.2.8"
            },
            "nopt": {
              "version": "2.1.1",
              "from": "nopt@2.1.1",
              "resolved": "https://registry.npmjs.org/nopt/-/nopt-2.1.1.tgz",
              "dependencies": {
                "abbrev": {
                  "version": "1.0.5",
                  "from": "abbrev@1"
                }
              }
            },
            "pooling": {
              "version": "0.4.4",
              "from": "pooling@0.4.4"
            }
          }
        },
        "lru-cache": {
          "version": "2.3.0",
          "from": "lru-cache@2.3.0"
        },
        "libuuid": {
          "version": "0.1.2",
          "from": "libuuid@0.1.2",
          "resolved": "https://registry.npmjs.org/libuuid/-/libuuid-0.1.2.tgz"
        },
        "once": {
          "version": "1.1.1",
          "from": "once@1.1.1"
        },
        "restify": {
          "version": "2.6.1",
          "from": "restify@2.6.1",
          "resolved": "https://registry.npmjs.org/restify/-/restify-2.6.1.tgz",
          "dependencies": {
            "assert-plus": {
              "version": "0.1.4",
              "from": "assert-plus@0.1.4"
            },
            "bunyan": {
              "version": "0.22.0",
              "from": "bunyan@0.22.0",
              "resolved": "https://registry.npmjs.org/bunyan/-/bunyan-0.22.0.tgz",
              "dependencies": {
                "mv": {
                  "version": "0.0.5",
                  "from": "mv@0.0.5"
                }
              }
            },
            "csv": {
              "version": "0.3.6",
              "from": "csv@0.3.6",
              "resolved": "https://registry.npmjs.org/csv/-/csv-0.3.6.tgz"
            },
            "deep-equal": {
              "version": "0.0.0",
              "from": "deep-equal@0.0.0",
              "resolved": "https://registry.npmjs.org/deep-equal/-/deep-equal-0.0.0.tgz"
            },
            "escape-regexp-component": {
              "version": "1.0.2",
              "from": "escape-regexp-component@1.0.2"
            },
            "formidable": {
              "version": "1.0.14",
              "from": "formidable@1.0.14",
              "resolved": "https://registry.npmjs.org/formidable/-/formidable-1.0.14.tgz"
            },
            "http-signature": {
              "version": "0.10.0",
              "from": "http-signature@0.10.0",
              "resolved": "https://registry.npmjs.org/http-signature/-/http-signature-0.10.0.tgz",
              "dependencies": {
                "assert-plus": {
                  "version": "0.1.2",
                  "from": "assert-plus@0.1.2",
                  "resolved": "https://registry.npmjs.org/assert-plus/-/assert-plus-0.1.2.tgz"
                },
                "asn1": {
                  "version": "0.1.11",
                  "from": "asn1@0.1.11",
                  "resolved": "https://registry.npmjs.org/asn1/-/asn1-0.1.11.tgz"
                },
                "ctype": {
                  "version": "0.5.2",
                  "from": "ctype@0.5.2",
                  "resolved": "https://registry.npmjs.org/ctype/-/ctype-0.5.2.tgz"
                }
              }
            },
            "keep-alive-agent": {
              "version": "0.0.1",
              "from": "keep-alive-agent@0.0.1"
            },
            "lru-cache": {
              "version": "2.3.1",
              "from": "lru-cache@2.3.1"
            },
            "mime": {
              "version": "1.2.11",
              "from": "mime@1.2.11"
            },
            "negotiator": {
              "version": "0.3.0",
              "from": "negotiator@0.3.0"
            },
            "once": {
              "version": "1.3.0",
              "from": "once@1.3.0"
            },
            "qs": {
              "version": "0.6.5",
              "from": "qs@0.6.5"
            },
            "semver": {
              "version": "2.2.1",
              "from": "semver@2.2.1",
              "resolved": "https://registry.npmjs.org/semver/-/semver-2.2.1.tgz"
            },
            "spdy": {
              "version": "1.14.12",
              "from": "spdy@1.14.12",
              "resolved": "https://registry.npmjs.org/spdy/-/spdy-1.14.12.tgz"
            },
            "tunnel-agent": {
              "version": "0.3.0",
              "from": "tunnel-agent@0.3.0"
            },
            "dtrace-provider": {
              "version": "0.2.8",
              "from": "dtrace-provider@0.2.8"
            }
          }
        },
        "ssh-agent": {
          "version": "0.2.1",
          "from": "ssh-agent@0.2.1",
          "dependencies": {
            "ctype": {
              "version": "0.5.0",
              "from": "ctype@0.5.0"
            },
            "posix-getopt": {
              "version": "1.0.0",
              "from": "posix-getopt@1.0.0"
            }
          }
        },
        "verror": {
          "version": "1.3.6",
          "from": "verror@1.3.6",
          "resolved": "https://registry.npmjs.org/verror/-/verror-1.3.6.tgz",
          "dependencies": {
            "extsprintf": {
              "version": "1.0.2",
              "from": "extsprintf@1.0.2",
              "resolved": "https://registry.npmjs.org/extsprintf/-/extsprintf-1.0.2.tgz"
            }
          }
        }
      }
    },
    "vasync": {
      "version": "1.3.3",
      "from": "vasync@1.3.3",
      "resolved": "https://registry.npmjs.org/vasync/-/vasync-1.3.3.tgz",
      "dependencies": {
        "jsprim": {
          "version": "0.3.0",
          "from": "jsprim@0.3.0",
          "dependencies": {
            "extsprintf": {
              "version": "1.0.0",
              "from": "extsprintf@1.0.0",
              "resolved": "https://registry.npmjs.org/extsprintf/-/extsprintf-1.0.0.tgz"
            },
            "json-schema": {
              "version": "0.2.2",
              "from": "json-schema@0.2.2"
            },
            "verror": {
              "version": "1.3.3",
              "from": "verror@1.3.3"
            }
          }
        },
        "verror": {
          "version": "1.1.0",
          "from": "verror@1.1.0",
          "resolved": "https://registry.npmjs.org/verror/-/verror-1.1.0.tgz",
          "dependencies": {
            "extsprintf": {
              "version": "1.0.0",
              "from": "extsprintf@1.0.0",
              "resolved": "https://registry.npmjs.org/extsprintf/-/extsprintf-1.0.0.tgz"
            }
          }
        }
      }
    },
    "verror": {
      "version": "1.3.5",
      "from": "verror@1.3.5",
      "resolved": "https://registry.npmjs.org/verror/-/verror-1.3.5.tgz",
      "dependencies": {
        "extsprintf": {
          "version": "1.0.0",
          "from": "extsprintf@1.0.0",
          "resolved": "https://registry.npmjs.org/extsprintf/-/extsprintf-1.0.0.tgz"
        }
      }
    },
    "wf": {
      "version": "0.9.10",
      "from": "wf@git://github.com/kusor/node-workflow.git#703cc3",
      "resolved": "git://github.com/kusor/node-workflow.git#703cc329f8aab1371fb51b9c2c90fbbedda455b3",
      "dependencies": {
        "backoff": {
          "version": "1.2.0",
          "from": "backoff@1.2.0",
          "resolved": "https://registry.npmjs.org/backoff/-/backoff-1.2.0.tgz"
        },
        "clone": {
          "version": "0.1.6",
          "from": "clone@0.1.6"
        },
        "sigyan": {
          "version": "0.2.0",
          "from": "sigyan@0.2.0"
        },
        "dtrace-provider": {
          "version": "0.2.8",
          "from": "dtrace-provider@0.2.8"
        }
      }
    },
    "wf-moray-backend": {
      "version": "0.9.7",
      "from": "wf-moray-backend@git+ssh://git@git.joyent.com:node-workflow-moray-backend.git#920a07",
      "resolved": "git+ssh://git@git.joyent.com:node-workflow-moray-backend.git#920a0777567720837941500b1ec79f000598692e",
      "dependencies": {
        "moray": {
          "version": "1.0.0",
          "from": "moray@git+ssh://git@git.joyent.com:node-moray.git#72b53a",
          "resolved": "git+ssh://git@git.joyent.com:node-moray.git#72b53a37892a64a003cb874c391bdd39c45fc2b9",
          "dependencies": {
            "assert-plus": {
              "version": "0.1.5",
              "from": "assert-plus@0.1.5",
              "resolved": "https://registry.npmjs.org/assert-plus/-/assert-plus-0.1.5.tgz"
            },
            "backoff": {
              "version": "2.3.0",
              "from": "backoff@2.3.0",
              "resolved": "https://registry.npmjs.org/backoff/-/backoff-2.3.0.tgz"
            },
            "bunyan": {
              "version": "0.22.1",
              "from": "bunyan@0.22.1",
              "resolved": "https://registry.npmjs.org/bunyan/-/bunyan-0.22.1.tgz",
              "dependencies": {
                "mv": {
                  "version": "0.0.5",
                  "from": "mv@0.0.5"
                },
                "dtrace-provider": {
                  "version": "0.2.8",
                  "from": "dtrace-provider@0.2.8"
                }
              }
            },
            "fast": {
              "version": "0.3.8",
              "from": "fast@0.3.8",
              "resolved": "https://registry.npmjs.org/fast/-/fast-0.3.8.tgz",
              "dependencies": {
                "crc": {
                  "version": "0.2.1",
                  "from": "crc@0.2.1",
                  "resolved": "https://registry.npmjs.org/crc/-/crc-0.2.1.tgz"
                },
                "dtrace-provider": {
                  "version": "0.2.8",
                  "from": "dtrace-provider@0.2.8"
                },
                "microtime": {
                  "version": "0.5.1",
                  "from": "microtime@0.5.1",
                  "resolved": "https://registry.npmjs.org/microtime/-/microtime-0.5.1.tgz",
                  "dependencies": {
                    "bindings": {
                      "version": "1.1.1",
                      "from": "bindings@1.1.1",
                      "resolved": "https://registry.npmjs.org/bindings/-/bindings-1.1.1.tgz"
                    },
                    "nan": {
                      "version": "0.6.0",
                      "from": "nan@0.6.0",
                      "resolved": "https://registry.npmjs.org/nan/-/nan-0.6.0.tgz"
                    }
                  }
                },
                "readable-stream": {
                  "version": "1.1.10",
                  "from": "readable-stream@1.1.10",
                  "resolved": "https://registry.npmjs.org/readable-stream/-/readable-stream-1.1.10.tgz",
                  "dependencies": {
                    "core-util-is": {
                      "version": "1.0.1",
                      "from": "core-util-is@~1.0.0",
                      "resolved": "https://registry.npmjs.org/core-util-is/-/core-util-is-1.0.1.tgz"
                    },
                    "string_decoder": {
                      "version": "0.10.25-1",
                      "from": "string_decoder@~0.10.x",
                      "resolved": "https://registry.npmjs.org/string_decoder/-/string_decoder-0.10.25-1.tgz"
                    },
                    "debuglog": {
                      "version": "0.0.2",
                      "from": "debuglog@0.0.2",
                      "resolved": "https://registry.npmjs.org/debuglog/-/debuglog-0.0.2.tgz"
                    }
                  }
                },
                "verror": {
                  "version": "1.3.6",
                  "from": "verror@1.3.6",
                  "resolved": "https://registry.npmjs.org/verror/-/verror-1.3.6.tgz",
                  "dependencies": {
                    "extsprintf": {
                      "version": "1.0.2",
                      "from": "extsprintf@1.0.2",
                      "resolved": "https://registry.npmjs.org/extsprintf/-/extsprintf-1.0.2.tgz"
                    }
                  }
                }
              }
            },
            "native-dns": {
              "version": "0.4.1",
              "from": "native-dns@0.4.1",
              "resolved": "https://registry.npmjs.org/native-dns/-/native-dns-0.4.1.tgz",
              "dependencies": {
                "buffercursor": {
                  "version": "0.0.12",
                  "from": "buffercursor@>= 0.0.5",
                  "dependencies": {
                    "verror": {
                      "version": "1.4.0",
                      "from": "verror@^1.4.0",
                      "resolved": "https://registry.npmjs.org/verror/-/verror-1.4.0.tgz",
                      "dependencies": {
                        "extsprintf": {
                          "version": "1.0.3",
                          "from": "extsprintf@1.0.3",
                          "resolved": "https://registry.npmjs.org/extsprintf/-/extsprintf-1.0.3.tgz"
                        }
                      }
                    }
                  }
                },
                "binaryheap": {
                  "version": "0.0.3",
                  "from": "binaryheap@>= 0.0.2",
                  "resolved": "https://registry.npmjs.org/binaryheap/-/binaryheap-0.0.3.tgz"
                },
                "ipaddr.js": {
                  "version": "0.1.2",
                  "from": "ipaddr.js@>= 0.1.1",
                  "resolved": "https://registry.npmjs.org/ipaddr.js/-/ipaddr.js-0.1.2.tgz"
                }
              }
            },
            "libuuid": {
              "version": "0.1.2",
              "from": "libuuid@0.1.2",
              "resolved": "https://registry.npmjs.org/libuuid/-/libuuid-0.1.2.tgz"
            },
            "once": {
              "version": "1.3.0",
              "from": "once@1.3.0"
            },
            "posix-getopt": {
              "version": "1.0.0",
              "from": "posix-getopt@1.0.0"
            },
            "progbar": {
              "version": "0.1.0",
              "from": "progbar@0.1.0",
              "resolved": "https://registry.npmjs.org/progbar/-/progbar-0.1.0.tgz",
              "dependencies": {
                "sprintf": {
                  "version": "0.1.3",
                  "from": "sprintf@~0.1.3",
                  "resolved": "https://registry.npmjs.org/sprintf/-/sprintf-0.1.3.tgz"
                }
              }
            }
          }
        },
        "wf": {
          "version": "0.9.10",
          "from": "wf@git://github.com/kusor/node-workflow.git#703cc3",
          "resolved": "git://github.com/kusor/node-workflow.git#703cc329f8aab1371fb51b9c2c90fbbedda455b3",
          "dependencies": {
            "backoff": {
              "version": "1.2.0",
              "from": "backoff@1.2.0",
              "resolved": "https://registry.npmjs.org/backoff/-/backoff-1.2.0.tgz"
            },
            "clone": {
              "version": "0.1.6",
              "from": "clone@0.1.6"
            },
            "sigyan": {
              "version": "0.2.0",
              "from": "sigyan@0.2.0"
            },
            "dtrace-provider": {
              "version": "0.2.8",
              "from": "dtrace-provider@0.2.8"
            }
          }
        }
      }
    }
  }
}
