{
  "name": "workflow",
  "version": "1.0.0",
  "dependencies": {
    "wf-moray-backend": {
      "version": "0.9.6",
      "from": "wf-moray-backend@git+ssh://git@git.joyent.com:node-workflow-moray-backend.git#ff001c3c",
      "resolved": "git+ssh://git@git.joyent.com:node-workflow-moray-backend.git#ff001c3c8f4a7c9cc5c9cdb873370b3c09067a3e",
      "dependencies": {
        "moray": {
          "version": "1.0.0",
          "from": "moray@git+ssh://git@git.joyent.com:node-moray.git#14fa66df5db51f4edd1f40361efa01c6a798b75b",
          "resolved": "git+ssh://git@git.joyent.com:node-moray.git#14fa66df5db51f4edd1f40361efa01c6a798b75b",
          "dependencies": {
            "assert-plus": {
              "version": "0.1.3",
              "from": "assert-plus@0.1.3",
              "resolved": "https://registry.npmjs.org/assert-plus/-/assert-plus-0.1.3.tgz"
            },
            "backoff": {
              "version": "2.3.0",
              "from": "backoff@2.3.0",
              "resolved": "https://registry.npmjs.org/backoff/-/backoff-2.3.0.tgz"
            },
            "bunyan": {
              "version": "0.21.3",
              "from": "bunyan@0.21.3",
              "resolved": "https://registry.npmjs.org/bunyan/-/bunyan-0.21.3.tgz",
              "dependencies": {
                "mv": {
                  "version": "0.0.5",
                  "from": "mv@0.0.5",
                  "resolved": "https://registry.npmjs.org/mv/-/mv-0.0.5.tgz"
                },
                "dtrace-provider": {
                  "version": "0.2.8",
                  "from": "dtrace-provider@0.2.8",
                  "resolved": "https://registry.npmjs.org/dtrace-provider/-/dtrace-provider-0.2.8.tgz"
                }
              }
            },
            "fast": {
              "version": "0.2.8",
              "from": "fast@0.2.8",
              "resolved": "https://registry.npmjs.org/fast/-/fast-0.2.8.tgz",
              "dependencies": {
                "assert-plus": {
                  "version": "0.1.2",
                  "from": "assert-plus@0.1.2",
                  "resolved": "https://registry.npmjs.org/assert-plus/-/assert-plus-0.1.2.tgz"
                },
                "backoff": {
                  "version": "2.2.0",
                  "from": "backoff@2.2.0",
                  "resolved": "https://registry.npmjs.org/backoff/-/backoff-2.2.0.tgz"
                },
                "crc": {
                  "version": "0.2.0",
                  "from": "crc@0.2.0",
                  "resolved": "https://registry.npmjs.org/crc/-/crc-0.2.0.tgz"
                },
                "dtrace-provider": {
                  "version": "0.2.8",
                  "from": "dtrace-provider@0.2.8",
                  "resolved": "https://registry.npmjs.org/dtrace-provider/-/dtrace-provider-0.2.8.tgz"
                },
                "microtime": {
                  "version": "0.3.3",
                  "from": "microtime@0.3.3",
                  "resolved": "https://registry.npmjs.org/microtime/-/microtime-0.3.3.tgz",
                  "dependencies": {
                    "bindings": {
                      "version": "1.0.0",
                      "from": "bindings@1.0.0",
                      "resolved": "https://registry.npmjs.org/bindings/-/bindings-1.0.0.tgz"
                    }
                  }
                },
                "verror": {
                  "version": "1.3.6",
                  "from": "verror@1.3.6",
                  "resolved": "https://registry.npmjs.org/verror/-/verror-1.3.6.tgz",
                  "dependencies": {
                    "extsprintf": {
                      "version": "1.0.2",
                      "from": "extsprintf@1.0.2",
                      "resolved": "https://registry.npmjs.org/extsprintf/-/extsprintf-1.0.2.tgz"
                    }
                  }
                }
              }
            },
            "native-dns": {
              "version": "0.4.1",
              "from": "native-dns@0.4.1",
              "resolved": "https://registry.npmjs.org/native-dns/-/native-dns-0.4.1.tgz",
              "dependencies": {
                "buffercursor": {
                  "version": "0.0.8",
                  "from": "buffercursor@>= 0.0.5"
                },
                "binaryheap": {
                  "version": "0.0.3",
                  "from": "binaryheap@>= 0.0.2"
                },
                "ipaddr.js": {
                  "version": "0.1.1",
                  "from": "ipaddr.js@>= 0.1.1",
                  "dependencies": {
                    "coffee-script": {
                      "version": "1.6.3",
                      "from": "coffee-script@>= 1.1.1"
                    }
                  }
                }
              }
            },
            "once": {
              "version": "1.1.1",
              "from": "once@1.1.1",
              "resolved": "https://registry.npmjs.org/once/-/once-1.1.1.tgz"
            },
            "posix-getopt": {
              "version": "1.0.0",
              "from": "posix-getopt@1.0.0",
              "resolved": "https://registry.npmjs.org/posix-getopt/-/posix-getopt-1.0.0.tgz"
            }
          }
        }
      }
    },
    "wf": {
      "version": "0.9.6",
      "from": "wf@git://github.com/kusor/node-workflow.git#c72fa4a6",
      "resolved": "git://github.com/kusor/node-workflow.git#c72fa4a67550d1559460dba8029fb5398a2813cf",
      "dependencies": {
        "backoff": {
          "version": "1.2.0",
          "from": "backoff@1.2.0",
          "resolved": "https://registry.npmjs.org/backoff/-/backoff-1.2.0.tgz"
        },
        "clone": {
          "version": "0.1.6",
          "from": "clone@0.1.6",
          "resolved": "https://registry.npmjs.org/clone/-/clone-0.1.6.tgz"
        },
        "dtrace-provider": {
          "version": "0.2.8",
          "from": "dtrace-provider@0.2.8",
          "resolved": "https://registry.npmjs.org/dtrace-provider/-/dtrace-provider-0.2.8.tgz"
        }
      }
    },
    "bunyan": {
      "version": "0.20.0",
      "from": "bunyan@0.20.0",
      "resolved": "https://registry.npmjs.org/bunyan/-/bunyan-0.20.0.tgz",
      "dependencies": {
        "mv": {
          "version": "0.0.5",
          "from": "mv@0.0.5",
          "resolved": "https://registry.npmjs.org/mv/-/mv-0.0.5.tgz"
        },
        "dtrace-provider": {
          "version": "0.2.8",
          "from": "dtrace-provider@0.2.8",
          "resolved": "https://registry.npmjs.org/dtrace-provider/-/dtrace-provider-0.2.8.tgz"
        }
      }
    },
    "restify": {
      "version": "2.3.5",
      "from": "restify@2.3.5",
      "resolved": "https://registry.npmjs.org/restify/-/restify-2.3.5.tgz",
      "dependencies": {
        "assert-plus": {
          "version": "0.1.2",
          "from": "assert-plus@0.1.2",
          "resolved": "https://registry.npmjs.org/assert-plus/-/assert-plus-0.1.2.tgz"
        },
        "backoff": {
          "version": "2.0.0",
          "from": "backoff@2.0.0",
          "resolved": "https://registry.npmjs.org/backoff/-/backoff-2.0.0.tgz"
        },
        "deep-equal": {
          "version": "0.0.0",
          "from": "deep-equal@~0.0.0",
          "resolved": "https://registry.npmjs.org/deep-equal/-/deep-equal-0.0.0.tgz"
        },
        "formidable": {
          "version": "1.0.11",
          "from": "formidable@1.0.11",
          "resolved": "https://registry.npmjs.org/formidable/-/formidable-1.0.11.tgz"
        },
        "http-signature": {
          "version": "0.9.11",
          "from": "http-signature@0.9.11",
          "resolved": "https://registry.npmjs.org/http-signature/-/http-signature-0.9.11.tgz",
          "dependencies": {
            "asn1": {
              "version": "0.1.11",
              "from": "asn1@0.1.11",
              "resolved": "https://registry.npmjs.org/asn1/-/asn1-0.1.11.tgz"
            },
            "ctype": {
              "version": "0.5.2",
              "from": "ctype@0.5.2",
              "resolved": "https://registry.npmjs.org/ctype/-/ctype-0.5.2.tgz"
            }
          }
        },
        "keep-alive-agent": {
          "version": "0.0.1",
          "from": "keep-alive-agent@0.0.1",
          "resolved": "https://registry.npmjs.org/keep-alive-agent/-/keep-alive-agent-0.0.1.tgz"
        },
        "lru-cache": {
          "version": "2.2.2",
          "from": "lru-cache@2.2.2",
          "resolved": "https://registry.npmjs.org/lru-cache/-/lru-cache-2.2.2.tgz"
        },
        "mime": {
          "version": "1.2.9",
          "from": "mime@1.2.9",
          "resolved": "https://registry.npmjs.org/mime/-/mime-1.2.9.tgz"
        },
        "negotiator": {
          "version": "0.2.5",
          "from": "negotiator@0.2.5",
          "resolved": "https://registry.npmjs.org/negotiator/-/negotiator-0.2.5.tgz"
        },
        "once": {
          "version": "1.1.1",
          "from": "once@1.1.1",
          "resolved": "https://registry.npmjs.org/once/-/once-1.1.1.tgz"
        },
        "qs": {
          "version": "0.5.3",
          "from": "qs@0.5.3",
          "resolved": "https://registry.npmjs.org/qs/-/qs-0.5.3.tgz"
        },
        "semver": {
          "version": "1.1.2",
          "from": "semver@1.1.2",
          "resolved": "https://registry.npmjs.org/semver/-/semver-1.1.2.tgz"
        },
        "spdy": {
          "version": "1.4.6",
          "from": "spdy@1.4.6",
          "resolved": "https://registry.npmjs.org/spdy/-/spdy-1.4.6.tgz"
        },
        "dtrace-provider": {
          "version": "0.2.8",
          "from": "dtrace-provider@0.2.8",
          "resolved": "https://registry.npmjs.org/dtrace-provider/-/dtrace-provider-0.2.8.tgz"
        }
      }
    },
    "node-uuid": {
      "version": "1.4.0",
      "from": "node-uuid@1.4.0",
      "resolved": "https://registry.npmjs.org/node-uuid/-/node-uuid-1.4.0.tgz"
    },
    "async": {
      "version": "0.1.22",
      "from": "async@0.1.22",
      "resolved": "https://registry.npmjs.org/async/-/async-0.1.22.tgz"
    },
    "vasync": {
      "version": "1.3.3",
      "from": "vasync@1.3.3",
      "resolved": "https://registry.npmjs.org/vasync/-/vasync-1.3.3.tgz",
      "dependencies": {
        "jsprim": {
          "version": "0.3.0",
          "from": "jsprim@0.3.0",
          "resolved": "https://registry.npmjs.org/jsprim/-/jsprim-0.3.0.tgz",
          "dependencies": {
            "extsprintf": {
              "version": "1.0.0",
              "from": "extsprintf@1.0.0",
              "resolved": "https://registry.npmjs.org/extsprintf/-/extsprintf-1.0.0.tgz"
            },
            "json-schema": {
              "version": "0.2.2",
              "from": "json-schema@0.2.2",
              "resolved": "https://registry.npmjs.org/json-schema/-/json-schema-0.2.2.tgz"
            },
            "verror": {
              "version": "1.3.3",
              "from": "verror@1.3.3",
              "resolved": "https://registry.npmjs.org/verror/-/verror-1.3.3.tgz"
            }
          }
        },
        "verror": {
          "version": "1.1.0",
          "from": "verror@1.1.0",
          "resolved": "https://registry.npmjs.org/verror/-/verror-1.1.0.tgz",
          "dependencies": {
            "extsprintf": {
              "version": "1.0.0",
              "from": "extsprintf@1.0.0",
              "resolved": "https://registry.npmjs.org/extsprintf/-/extsprintf-1.0.0.tgz"
            }
          }
        }
      }
    },
    "sdc-clients": {
      "version": "8.0.0",
      "from": "sdc-clients@git+ssh://git@git.joyent.com:node-sdc-clients.git#5bbc9f6",
      "resolved": "git+ssh://git@git.joyent.com:node-sdc-clients.git#5bbc9f6e05f57d15f46598ba0b1324bec6840832",
      "dependencies": {
        "assert-plus": {
          "version": "0.1.3",
          "from": "assert-plus@0.1.3",
          "resolved": "https://registry.npmjs.org/assert-plus/-/assert-plus-0.1.3.tgz"
        },
        "backoff": {
          "version": "2.3.0",
          "from": "backoff@2.3.0",
          "resolved": "https://registry.npmjs.org/backoff/-/backoff-2.3.0.tgz"
        },
        "bunyan": {
          "version": "0.21.3",
          "from": "bunyan@0.21.3",
          "resolved": "https://registry.npmjs.org/bunyan/-/bunyan-0.21.3.tgz",
          "dependencies": {
            "mv": {
              "version": "0.0.5",
              "from": "mv@0.0.5",
              "resolved": "https://registry.npmjs.org/mv/-/mv-0.0.5.tgz"
            },
            "dtrace-provider": {
              "version": "0.2.8",
              "from": "dtrace-provider@0.2.8",
              "resolved": "https://registry.npmjs.org/dtrace-provider/-/dtrace-provider-0.2.8.tgz"
            }
          }
        },
        "clone": {
          "version": "0.1.8",
          "from": "clone@0.1.8",
          "resolved": "https://registry.npmjs.org/clone/-/clone-0.1.8.tgz"
        },
        "http-signature": {
          "version": "0.9.11",
          "from": "http-signature@0.9.11",
          "resolved": "https://registry.npmjs.org/http-signature/-/http-signature-0.9.11.tgz",
          "dependencies": {
            "assert-plus": {
              "version": "0.1.2",
              "from": "assert-plus@0.1.2",
              "resolved": "https://registry.npmjs.org/assert-plus/-/assert-plus-0.1.2.tgz"
            },
            "asn1": {
              "version": "0.1.11",
              "from": "asn1@0.1.11",
              "resolved": "https://registry.npmjs.org/asn1/-/asn1-0.1.11.tgz"
            },
            "ctype": {
              "version": "0.5.2",
              "from": "ctype@0.5.2",
              "resolved": "https://registry.npmjs.org/ctype/-/ctype-0.5.2.tgz"
            }
          }
        },
        "ldapjs": {
          "version": "0.6.3",
          "from": "ldapjs@0.6.3",
          "resolved": "https://registry.npmjs.org/ldapjs/-/ldapjs-0.6.3.tgz",
          "dependencies": {
            "asn1": {
              "version": "0.1.11",
              "from": "asn1@0.1.11",
              "resolved": "https://registry.npmjs.org/asn1/-/asn1-0.1.11.tgz"
            },
            "assert-plus": {
              "version": "0.1.2",
              "from": "assert-plus@0.1.2",
              "resolved": "https://registry.npmjs.org/assert-plus/-/assert-plus-0.1.2.tgz"
            },
            "buffertools": {
              "version": "1.1.0",
              "from": "buffertools@1.1.0",
              "resolved": "https://registry.npmjs.org/buffertools/-/buffertools-1.1.0.tgz"
            },
            "bunyan": {
              "version": "0.21.1",
              "from": "bunyan@0.21.1",
              "resolved": "https://registry.npmjs.org/bunyan/-/bunyan-0.21.1.tgz",
              "dependencies": {
                "mv": {
                  "version": "0.0.5",
                  "from": "mv@0.0.5",
                  "resolved": "https://registry.npmjs.org/mv/-/mv-0.0.5.tgz"
                }
              }
            },
            "dtrace-provider": {
              "version": "0.2.8",
              "from": "dtrace-provider@0.2.8",
              "resolved": "https://registry.npmjs.org/dtrace-provider/-/dtrace-provider-0.2.8.tgz"
            },
            "nopt": {
              "version": "2.1.1",
              "from": "nopt@2.1.1",
              "resolved": "https://registry.npmjs.org/nopt/-/nopt-2.1.1.tgz",
              "dependencies": {
                "abbrev": {
                  "version": "1.0.4",
                  "from": "abbrev@1"
                }
              }
            },
            "pooling": {
              "version": "0.4.4",
              "from": "pooling@0.4.4",
              "resolved": "https://registry.npmjs.org/pooling/-/pooling-0.4.4.tgz"
            }
          }
        },
        "lru-cache": {
          "version": "2.3.0",
          "from": "lru-cache@2.3.0",
          "resolved": "https://registry.npmjs.org/lru-cache/-/lru-cache-2.3.0.tgz"
        },
        "once": {
          "version": "1.1.1",
          "from": "once@1.1.1",
          "resolved": "https://registry.npmjs.org/once/-/once-1.1.1.tgz"
        },
        "restify": {
          "version": "2.5.1",
          "from": "restify@2.5.1",
          "resolved": "https://registry.npmjs.org/restify/-/restify-2.5.1.tgz",
          "dependencies": {
            "assert-plus": {
              "version": "0.1.2",
              "from": "assert-plus@0.1.2",
              "resolved": "https://registry.npmjs.org/assert-plus/-/assert-plus-0.1.2.tgz"
            },
            "backoff": {
              "version": "2.2.0",
              "from": "backoff@2.2.0",
              "resolved": "https://registry.npmjs.org/backoff/-/backoff-2.2.0.tgz"
            },
            "bunyan": {
              "version": "0.21.1",
              "from": "bunyan@0.21.1",
              "resolved": "https://registry.npmjs.org/bunyan/-/bunyan-0.21.1.tgz",
              "dependencies": {
                "mv": {
                  "version": "0.0.5",
                  "from": "mv@0.0.5",
                  "resolved": "https://registry.npmjs.org/mv/-/mv-0.0.5.tgz"
                }
              }
            },
            "deep-equal": {
              "version": "0.0.0",
              "from": "deep-equal@0.0.0",
              "resolved": "https://registry.npmjs.org/deep-equal/-/deep-equal-0.0.0.tgz"
            },
            "escape-regexp-component": {
              "version": "1.0.2",
              "from": "escape-regexp-component@1.0.2",
              "resolved": "https://registry.npmjs.org/escape-regexp-component/-/escape-regexp-component-1.0.2.tgz"
            },
            "formidable": {
              "version": "1.0.14",
              "from": "formidable@1.0.14",
              "resolved": "https://registry.npmjs.org/formidable/-/formidable-1.0.14.tgz"
            },
            "http-signature": {
              "version": "0.10.0",
              "from": "http-signature@0.10.0",
              "resolved": "https://registry.npmjs.org/http-signature/-/http-signature-0.10.0.tgz",
              "dependencies": {
                "asn1": {
                  "version": "0.1.11",
                  "from": "asn1@0.1.11",
                  "resolved": "https://registry.npmjs.org/asn1/-/asn1-0.1.11.tgz"
                },
                "ctype": {
                  "version": "0.5.2",
                  "from": "ctype@0.5.2",
                  "resolved": "https://registry.npmjs.org/ctype/-/ctype-0.5.2.tgz"
                }
              }
            },
            "keep-alive-agent": {
              "version": "0.0.1",
              "from": "keep-alive-agent@0.0.1",
              "resolved": "https://registry.npmjs.org/keep-alive-agent/-/keep-alive-agent-0.0.1.tgz"
            },
            "mime": {
              "version": "1.2.9",
              "from": "mime@1.2.9",
              "resolved": "https://registry.npmjs.org/mime/-/mime-1.2.9.tgz"
            },
            "negotiator": {
              "version": "0.2.5",
              "from": "negotiator@0.2.5",
              "resolved": "https://registry.npmjs.org/negotiator/-/negotiator-0.2.5.tgz"
            },
            "qs": {
              "version": "0.6.4",
              "from": "qs@0.6.4",
              "resolved": "https://registry.npmjs.org/qs/-/qs-0.6.4.tgz"
            },
            "semver": {
              "version": "1.1.4",
              "from": "semver@1.1.4",
              "resolved": "https://registry.npmjs.org/semver/-/semver-1.1.4.tgz"
            },
            "spdy": {
              "version": "1.8.2",
              "from": "spdy@1.8.2",
              "resolved": "https://registry.npmjs.org/spdy/-/spdy-1.8.2.tgz"
            },
            "dtrace-provider": {
              "version": "0.2.8",
              "from": "dtrace-provider@0.2.8",
              "resolved": "https://registry.npmjs.org/dtrace-provider/-/dtrace-provider-0.2.8.tgz"
            }
          }
        },
        "ssh-agent": {
          "version": "0.2.1",
          "from": "ssh-agent@0.2.1",
          "resolved": "https://registry.npmjs.org/ssh-agent/-/ssh-agent-0.2.1.tgz",
          "dependencies": {
            "ctype": {
              "version": "0.5.0",
              "from": "ctype@0.5.0",
              "resolved": "https://registry.npmjs.org/ctype/-/ctype-0.5.0.tgz"
            },
            "posix-getopt": {
              "version": "1.0.0",
              "from": "posix-getopt@1.0.0",
              "resolved": "https://registry.npmjs.org/posix-getopt/-/posix-getopt-1.0.0.tgz"
            }
          }
        },
        "verror": {
          "version": "1.3.6",
          "from": "verror@1.3.6",
          "resolved": "https://registry.npmjs.org/verror/-/verror-1.3.6.tgz",
          "dependencies": {
            "extsprintf": {
              "version": "1.0.2",
              "from": "extsprintf@1.0.2",
              "resolved": "https://registry.npmjs.org/extsprintf/-/extsprintf-1.0.2.tgz"
            }
          }
        }
      }
    },
    "verror": {
      "version": "1.3.5",
      "from": "verror@1.3.5",
      "resolved": "https://registry.npmjs.org/verror/-/verror-1.3.5.tgz",
      "dependencies": {
        "extsprintf": {
          "version": "1.0.0",
          "from": "extsprintf@1.0.0",
          "resolved": "https://registry.npmjs.org/extsprintf/-/extsprintf-1.0.0.tgz"
        }
      }
    },
    "sigyan": {
      "version": "0.2.0",
      "from": "sigyan@0.2.0",
      "resolved": "https://registry.npmjs.org/sigyan/-/sigyan-0.2.0.tgz"
    }
  }
}
